<Solution>
  <Folder Name="/samples/">
    <Project Path="samples/AspNetCoreNoRootSectionSample/AspNetCoreNoRootSectionSample.csproj" />
    <Project Path="samples/AspNetCoreSample/AspNetCoreSample.csproj" />
  </Folder>
  <Folder Name="/src/">
    <Project Path="src/Objects/Objects.csproj" />
  </Folder>
  <Folder Name="/tests/">
    <Project Path="tests/Tests.Objects/Tests.Objects.csproj" />
  </Folder>
</Solution>
