
Microsoft Visual Studio Solution File, Format Version 12.00
# Visual Studio Version 16
VisualStudioVersion = 16.6.30114.105
MinimumVisualStudioVersion = 10.0.40219.1
Project("{2150E333-8FDC-42A3-9474-1A3956D46DE8}") = "src", "src", "{49A4B4B5-2EF8-422F-BC13-1622A3131D85}"
EndProject
Project("{FAE04EC0-301F-11D3-BF4B-00C04F79EFBC}") = "Objects", "src\Objects\Objects.csproj", "{A5A06279-A908-4B4D-A91B-919BDD4E2957}"
EndProject
Project("{2150E333-8FDC-42A3-9474-1A3956D46DE8}") = "tests", "tests", "{7D89563A-B6B2-46E0-A640-E34CC6A2078A}"
EndProject
Project("{FAE04EC0-301F-11D3-BF4B-00C04F79EFBC}") = "Tests.Objects", "tests\Tests.Objects\Tests.Objects.csproj", "{06A9F0F7-10D7-4531-A346-2A18C5402C54}"
EndProject
Project("{FAE04EC0-301F-11D3-BF4B-00C04F79EFBC}") = "Objects.NewtonsoftJson", "src\Objects.NewtonsoftJson\Objects.NewtonsoftJson.csproj", "{9D57A59B-F955-4E36-ACEA-37C0D86C4A39}"
EndProject
Project("{2150E333-8FDC-42A3-9474-1A3956D46DE8}") = "samples", "samples", "{BB26BA99-328B-448F-9D9F-0F760F705BBF}"
EndProject
Project("{FAE04EC0-301F-11D3-BF4B-00C04F79EFBC}") = "AspNetCoreSample", "samples\AspNetCoreSample\AspNetCoreSample.csproj", "{B75DB2CF-0DC4-4B4A-B6AC-0268316C76B5}"
EndProject
Project("{FAE04EC0-301F-11D3-BF4B-00C04F79EFBC}") = "AspNetCoreNewtonsoftJsonSample", "samples\AspNetCoreNewtonsoftJsonSample\AspNetCoreNewtonsoftJsonSample.csproj", "{D82F1F2D-8FCF-4BFD-97C5-58E1E4A3DE89}"
EndProject
Project("{FAE04EC0-301F-11D3-BF4B-00C04F79EFBC}") = "AspNetCoreNoRootSectionSample", "samples\AspNetCoreNoRootSectionSample\AspNetCoreNoRootSectionSample.csproj", "{D85A81A7-637D-4FD4-959A-369F4AC13ABB}"
EndProject
Global
	GlobalSection(SolutionConfigurationPlatforms) = preSolution
		Debug|Any CPU = Debug|Any CPU
		Debug|x64 = Debug|x64
		Debug|x86 = Debug|x86
		Release|Any CPU = Release|Any CPU
		Release|x64 = Release|x64
		Release|x86 = Release|x86
	EndGlobalSection
	GlobalSection(SolutionProperties) = preSolution
		HideSolutionNode = FALSE
	EndGlobalSection
	GlobalSection(ProjectConfigurationPlatforms) = postSolution
		{A5A06279-A908-4B4D-A91B-919BDD4E2957}.Debug|Any CPU.ActiveCfg = Debug|Any CPU
		{A5A06279-A908-4B4D-A91B-919BDD4E2957}.Debug|Any CPU.Build.0 = Debug|Any CPU
		{A5A06279-A908-4B4D-A91B-919BDD4E2957}.Debug|x64.ActiveCfg = Debug|Any CPU
		{A5A06279-A908-4B4D-A91B-919BDD4E2957}.Debug|x64.Build.0 = Debug|Any CPU
		{A5A06279-A908-4B4D-A91B-919BDD4E2957}.Debug|x86.ActiveCfg = Debug|Any CPU
		{A5A06279-A908-4B4D-A91B-919BDD4E2957}.Debug|x86.Build.0 = Debug|Any CPU
		{A5A06279-A908-4B4D-A91B-919BDD4E2957}.Release|Any CPU.ActiveCfg = Release|Any CPU
		{A5A06279-A908-4B4D-A91B-919BDD4E2957}.Release|Any CPU.Build.0 = Release|Any CPU
		{A5A06279-A908-4B4D-A91B-919BDD4E2957}.Release|x64.ActiveCfg = Release|Any CPU
		{A5A06279-A908-4B4D-A91B-919BDD4E2957}.Release|x64.Build.0 = Release|Any CPU
		{A5A06279-A908-4B4D-A91B-919BDD4E2957}.Release|x86.ActiveCfg = Release|Any CPU
		{A5A06279-A908-4B4D-A91B-919BDD4E2957}.Release|x86.Build.0 = Release|Any CPU
		{06A9F0F7-10D7-4531-A346-2A18C5402C54}.Debug|Any CPU.ActiveCfg = Debug|Any CPU
		{06A9F0F7-10D7-4531-A346-2A18C5402C54}.Debug|Any CPU.Build.0 = Debug|Any CPU
		{06A9F0F7-10D7-4531-A346-2A18C5402C54}.Debug|x64.ActiveCfg = Debug|Any CPU
		{06A9F0F7-10D7-4531-A346-2A18C5402C54}.Debug|x64.Build.0 = Debug|Any CPU
		{06A9F0F7-10D7-4531-A346-2A18C5402C54}.Debug|x86.ActiveCfg = Debug|Any CPU
		{06A9F0F7-10D7-4531-A346-2A18C5402C54}.Debug|x86.Build.0 = Debug|Any CPU
		{06A9F0F7-10D7-4531-A346-2A18C5402C54}.Release|Any CPU.ActiveCfg = Release|Any CPU
		{06A9F0F7-10D7-4531-A346-2A18C5402C54}.Release|Any CPU.Build.0 = Release|Any CPU
		{06A9F0F7-10D7-4531-A346-2A18C5402C54}.Release|x64.ActiveCfg = Release|Any CPU
		{06A9F0F7-10D7-4531-A346-2A18C5402C54}.Release|x64.Build.0 = Release|Any CPU
		{06A9F0F7-10D7-4531-A346-2A18C5402C54}.Release|x86.ActiveCfg = Release|Any CPU
		{06A9F0F7-10D7-4531-A346-2A18C5402C54}.Release|x86.Build.0 = Release|Any CPU
		{9D57A59B-F955-4E36-ACEA-37C0D86C4A39}.Debug|Any CPU.ActiveCfg = Debug|Any CPU
		{9D57A59B-F955-4E36-ACEA-37C0D86C4A39}.Debug|Any CPU.Build.0 = Debug|Any CPU
		{9D57A59B-F955-4E36-ACEA-37C0D86C4A39}.Debug|x64.ActiveCfg = Debug|Any CPU
		{9D57A59B-F955-4E36-ACEA-37C0D86C4A39}.Debug|x64.Build.0 = Debug|Any CPU
		{9D57A59B-F955-4E36-ACEA-37C0D86C4A39}.Debug|x86.ActiveCfg = Debug|Any CPU
		{9D57A59B-F955-4E36-ACEA-37C0D86C4A39}.Debug|x86.Build.0 = Debug|Any CPU
		{9D57A59B-F955-4E36-ACEA-37C0D86C4A39}.Release|Any CPU.ActiveCfg = Release|Any CPU
		{9D57A59B-F955-4E36-ACEA-37C0D86C4A39}.Release|Any CPU.Build.0 = Release|Any CPU
		{9D57A59B-F955-4E36-ACEA-37C0D86C4A39}.Release|x64.ActiveCfg = Release|Any CPU
		{9D57A59B-F955-4E36-ACEA-37C0D86C4A39}.Release|x64.Build.0 = Release|Any CPU
		{9D57A59B-F955-4E36-ACEA-37C0D86C4A39}.Release|x86.ActiveCfg = Release|Any CPU
		{9D57A59B-F955-4E36-ACEA-37C0D86C4A39}.Release|x86.Build.0 = Release|Any CPU
		{B75DB2CF-0DC4-4B4A-B6AC-0268316C76B5}.Debug|Any CPU.ActiveCfg = Debug|Any CPU
		{B75DB2CF-0DC4-4B4A-B6AC-0268316C76B5}.Debug|Any CPU.Build.0 = Debug|Any CPU
		{B75DB2CF-0DC4-4B4A-B6AC-0268316C76B5}.Debug|x64.ActiveCfg = Debug|Any CPU
		{B75DB2CF-0DC4-4B4A-B6AC-0268316C76B5}.Debug|x64.Build.0 = Debug|Any CPU
		{B75DB2CF-0DC4-4B4A-B6AC-0268316C76B5}.Debug|x86.ActiveCfg = Debug|Any CPU
		{B75DB2CF-0DC4-4B4A-B6AC-0268316C76B5}.Debug|x86.Build.0 = Debug|Any CPU
		{B75DB2CF-0DC4-4B4A-B6AC-0268316C76B5}.Release|Any CPU.ActiveCfg = Release|Any CPU
		{B75DB2CF-0DC4-4B4A-B6AC-0268316C76B5}.Release|Any CPU.Build.0 = Release|Any CPU
		{B75DB2CF-0DC4-4B4A-B6AC-0268316C76B5}.Release|x64.ActiveCfg = Release|Any CPU
		{B75DB2CF-0DC4-4B4A-B6AC-0268316C76B5}.Release|x64.Build.0 = Release|Any CPU
		{B75DB2CF-0DC4-4B4A-B6AC-0268316C76B5}.Release|x86.ActiveCfg = Release|Any CPU
		{B75DB2CF-0DC4-4B4A-B6AC-0268316C76B5}.Release|x86.Build.0 = Release|Any CPU
		{D82F1F2D-8FCF-4BFD-97C5-58E1E4A3DE89}.Debug|Any CPU.ActiveCfg = Debug|Any CPU
		{D82F1F2D-8FCF-4BFD-97C5-58E1E4A3DE89}.Debug|Any CPU.Build.0 = Debug|Any CPU
		{D82F1F2D-8FCF-4BFD-97C5-58E1E4A3DE89}.Debug|x64.ActiveCfg = Debug|Any CPU
		{D82F1F2D-8FCF-4BFD-97C5-58E1E4A3DE89}.Debug|x64.Build.0 = Debug|Any CPU
		{D82F1F2D-8FCF-4BFD-97C5-58E1E4A3DE89}.Debug|x86.ActiveCfg = Debug|Any CPU
		{D82F1F2D-8FCF-4BFD-97C5-58E1E4A3DE89}.Debug|x86.Build.0 = Debug|Any CPU
		{D82F1F2D-8FCF-4BFD-97C5-58E1E4A3DE89}.Release|Any CPU.ActiveCfg = Release|Any CPU
		{D82F1F2D-8FCF-4BFD-97C5-58E1E4A3DE89}.Release|Any CPU.Build.0 = Release|Any CPU
		{D82F1F2D-8FCF-4BFD-97C5-58E1E4A3DE89}.Release|x64.ActiveCfg = Release|Any CPU
		{D82F1F2D-8FCF-4BFD-97C5-58E1E4A3DE89}.Release|x64.Build.0 = Release|Any CPU
		{D82F1F2D-8FCF-4BFD-97C5-58E1E4A3DE89}.Release|x86.ActiveCfg = Release|Any CPU
		{D82F1F2D-8FCF-4BFD-97C5-58E1E4A3DE89}.Release|x86.Build.0 = Release|Any CPU
		{D85A81A7-637D-4FD4-959A-369F4AC13ABB}.Debug|Any CPU.ActiveCfg = Debug|Any CPU
		{D85A81A7-637D-4FD4-959A-369F4AC13ABB}.Debug|Any CPU.Build.0 = Debug|Any CPU
		{D85A81A7-637D-4FD4-959A-369F4AC13ABB}.Debug|x64.ActiveCfg = Debug|Any CPU
		{D85A81A7-637D-4FD4-959A-369F4AC13ABB}.Debug|x64.Build.0 = Debug|Any CPU
		{D85A81A7-637D-4FD4-959A-369F4AC13ABB}.Debug|x86.ActiveCfg = Debug|Any CPU
		{D85A81A7-637D-4FD4-959A-369F4AC13ABB}.Debug|x86.Build.0 = Debug|Any CPU
		{D85A81A7-637D-4FD4-959A-369F4AC13ABB}.Release|Any CPU.ActiveCfg = Release|Any CPU
		{D85A81A7-637D-4FD4-959A-369F4AC13ABB}.Release|Any CPU.Build.0 = Release|Any CPU
		{D85A81A7-637D-4FD4-959A-369F4AC13ABB}.Release|x64.ActiveCfg = Release|Any CPU
		{D85A81A7-637D-4FD4-959A-369F4AC13ABB}.Release|x64.Build.0 = Release|Any CPU
		{D85A81A7-637D-4FD4-959A-369F4AC13ABB}.Release|x86.ActiveCfg = Release|Any CPU
		{D85A81A7-637D-4FD4-959A-369F4AC13ABB}.Release|x86.Build.0 = Release|Any CPU
	EndGlobalSection
	GlobalSection(NestedProjects) = preSolution
		{A5A06279-A908-4B4D-A91B-919BDD4E2957} = {49A4B4B5-2EF8-422F-BC13-1622A3131D85}
		{06A9F0F7-10D7-4531-A346-2A18C5402C54} = {7D89563A-B6B2-46E0-A640-E34CC6A2078A}
		{9D57A59B-F955-4E36-ACEA-37C0D86C4A39} = {49A4B4B5-2EF8-422F-BC13-1622A3131D85}
		{B75DB2CF-0DC4-4B4A-B6AC-0268316C76B5} = {BB26BA99-328B-448F-9D9F-0F760F705BBF}
		{D82F1F2D-8FCF-4BFD-97C5-58E1E4A3DE89} = {BB26BA99-328B-448F-9D9F-0F760F705BBF}
		{D85A81A7-637D-4FD4-959A-369F4AC13ABB} = {BB26BA99-328B-448F-9D9F-0F760F705BBF}
	EndGlobalSection
EndGlobal
